// !$*UTF8*$!
{
	archiveVersion = 1;
	classes = {
	};
	objectVersion = 56;
	objects = {

/* Begin PBXBuildFile section */
		9E949CB7299C372F0047CF28 /* AStoryApp.swift in Sources */ = {isa = PBXBuildFile; fileRef = 9E949CB6299C372F0047CF28 /* AStoryApp.swift */; };
		9E949CB9299C372F0047CF28 /* ContentView.swift in Sources */ = {isa = PBXBuildFile; fileRef = 9E949CB8299C372F0047CF28 /* ContentView.swift */; };
		9E949CBB299C37300047CF28 /* Assets.xcassets in Resources */ = {isa = PBXBuildFile; fileRef = 9E949CBA299C37300047CF28 /* Assets.xcassets */; };
		9E949CBE299C37300047CF28 /* Preview Assets.xcassets in Resources */ = {isa = PBXBuildFile; fileRef = 9E949CBD299C37300047CF28 /* Preview Assets.xcassets */; };
		9E949CC6299C375E0047CF28 /* OpenAi.swift in Sources */ = {isa = PBXBuildFile; fileRef = 9E949CC5299C375E0047CF28 /* OpenAi.swift */; };
		9E949CC8299D36C40047CF28 /* home.swift in Sources */ = {isa = PBXBuildFile; fileRef = 9E949CC7299D36C40047CF28 /* home.swift */; };
/* End PBXBuildFile section */

/* Begin PBXFileReference section */
		9E949CB3299C372F0047CF28 /* AStory.app */ = {isa = PBXFileReference; explicitFileType = wrapper.application; includeInIndex = 0; path = AStory.app; sourceTree = BUILT_PRODUCTS_DIR; };
		9E949CB6299C372F0047CF28 /* AStoryApp.swift */ = {isa = PBXFileReference; lastKnownFileType = sourcecode.swift; path = AStoryApp.swift; sourceTree = "<group>"; };
		9E949CB8299C372F0047CF28 /* ContentView.swift */ = {isa = PBXFileReference; lastKnownFileType = sourcecode.swift; path = ContentView.swift; sourceTree = "<group>"; };
		9E949CBA299C37300047CF28 /* Assets.xcassets */ = {isa = PBXFileReference; lastKnownFileType = folder.assetcatalog; path = Assets.xcassets; sourceTree = "<group>"; };
		9E949CBD299C37300047CF28 /* Preview Assets.xcassets */ = {isa = PBXFileReference; lastKnownFileType = folder.assetcatalog; path = "Preview Assets.xcassets"; sourceTree = "<group>"; };
		9E949CC5299C375E0047CF28 /* OpenAi.swift */ = {isa = PBXFileReference; lastKnownFileType = sourcecode.swift; path = OpenAi.swift; sourceTree = "<group>"; };
		9E949CC7299D36C40047CF28 /* home.swift */ = {isa = PBXFileReference; lastKnownFileType = sourcecode.swift; path = home.swift; sourceTree = "<group>"; };
/* End PBXFileReference section */

/* Begin PBXFrameworksBuildPhase section */
		9E949CB0299C372F0047CF28 /* Frameworks */ = {
			isa = PBXFrameworksBuildPhase;
			buildActionMask = 2147483647;
			files = (
			);
			runOnlyForDeploymentPostprocessing = 0;
		};
/* End PBXFrameworksBuildPhase section */

/* Begin PBXGroup section */
		9E949CAA299C372F0047CF28 = {
			isa = PBXGroup;
			children = (
				9E949CB5299C372F0047CF28 /* AStory */,
				9E949CB4299C372F0047CF28 /* Products */,
			);
			sourceTree = "<group>";
		};
		9E949CB4299C372F0047CF28 /* Products */ = {
			isa = PBXGroup;
			children = (
				9E949CB3299C372F0047CF28 /* AStory.app */,
			);
			name = Products;
			sourceTree = "<group>";
		};
		9E949CB5299C372F0047CF28 /* AStory */ = {
			isa = PBXGroup;
			children = (
				9E949CB6299C372F0047CF28 /* AStoryApp.swift */,
				9E949CB8299C372F0047CF28 /* ContentView.swift */,
				9E949CC7299D36C40047CF28 /* home.swift */,
				9E949CC4299C37480047CF28 /* Model */,
				9E949CBA299C37300047CF28 /* Assets.xcassets */,
				9E949CBC299C37300047CF28 /* Preview Content */,
			);
			path = AStory;
			sourceTree = "<group>";
		};
		9E949CBC299C37300047CF28 /* Preview Content */ = {
			isa = PBXGroup;
			children = (
				9E949CBD299C37300047CF28 /* Preview Assets.xcassets */,
			);
			path = "Preview Content";
			sourceTree = "<group>";
		};
		9E949CC4299C37480047CF28 /* Model */ = {
			isa = PBXGroup;
			children = (
				9E949CC5299C375E0047CF28 /* OpenAi.swift */,
			);
			path = Model;
			sourceTree = "<group>";
		};
/* End PBXGroup section */

/* Begin PBXNativeTarget section */
		9E949CB2299C372F0047CF28 /* AStory */ = {
			isa = PBXNativeTarget;
			buildConfigurationList = 9E949CC1299C37300047CF28 /* Build configuration list for PBXNativeTarget "AStory" */;
			buildPhases = (
				9E949CAF299C372F0047CF28 /* Sources */,
				9E949CB0299C372F0047CF28 /* Frameworks */,
				9E949CB1299C372F0047CF28 /* Resources */,
			);
			buildRules = (
			);
			dependencies = (
			);
			name = AStory;
			productName = AStory;
			productReference = 9E949CB3299C372F0047CF28 /* AStory.app */;
			productType = "com.apple.product-type.application";
		};
/* End PBXNativeTarget section */

/* Begin PBXProject section */
		9E949CAB299C372F0047CF28 /* Project object */ = {
			isa = PBXProject;
			attributes = {
				BuildIndependentTargetsInParallel = 1;
				LastSwiftUpdateCheck = 1420;
				LastUpgradeCheck = 1420;
				TargetAttributes = {
					9E949CB2299C372F0047CF28 = {
						CreatedOnToolsVersion = 14.2;
					};
				};
			};
			buildConfigurationList = 9E949CAE299C372F0047CF28 /* Build configuration list for PBXProject "AStory" */;
			compatibilityVersion = "Xcode 14.0";
			developmentRegion = en;
			hasScannedForEncodings = 0;
			knownRegions = (
				en,
				Base,
			);
			mainGroup = 9E949CAA299C372F0047CF28;
			productRefGroup = 9E949CB4299C372F0047CF28 /* Products */;
			projectDirPath = "";
			projectRoot = "";
			targets = (
				9E949CB2299C372F0047CF28 /* AStory */,
			);
		};
/* End PBXProject section */

/* Begin PBXResourcesBuildPhase section */
		9E949CB1299C372F0047CF28 /* Resources */ = {
			isa = PBXResourcesBuildPhase;
			buildActionMask = 2147483647;
			files = (
				9E949CBE299C37300047CF28 /* Preview Assets.xcassets in Resources */,
				9E949CBB299C37300047CF28 /* Assets.xcassets in Resources */,
			);
			runOnlyForDeploymentPostprocessing = 0;
		};
/* End PBXResourcesBuildPhase section */

/* Begin PBXSourcesBuildPhase section */
		9E949CAF299C372F0047CF28 /* Sources */ = {
			isa = PBXSourcesBuildPhase;
			buildActionMask = 2147483647;
			files = (
				9E949CC6299C375E0047CF28 /* OpenAi.swift in Sources */,
				9E949CB9299C372F0047CF28 /* ContentView.swift in Sources */,
				9E949CC8299D36C40047CF28 /* home.swift in Sources */,
				9E949CB7299C372F0047CF28 /* AStoryApp.swift in Sources */,
			);
			runOnlyForDeploymentPostprocessing = 0;
		};
/* End PBXSourcesBuildPhase section */

/* Begin XCBuildConfiguration section */
		9E949CBF299C37300047CF28 /* Debug */ = {
			isa = XCBuildConfiguration;
			buildSettings = {
				ALWAYS_SEARCH_USER_PATHS = NO;
				CLANG_ANALYZER_NONNULL = YES;
				CLANG_ANALYZER_NUMBER_OBJECT_CONVERSION = YES_AGGRESSIVE;
				CLANG_CXX_LANGUAGE_STANDARD = "gnu++20";
				CLANG_ENABLE_MODULES = YES;
				CLANG_ENABLE_OBJC_ARC = YES;
				CLANG_ENABLE_OBJC_WEAK = YES;
				CLANG_WARN_BLOCK_CAPTURE_AUTORELEASING = YES;
				CLANG_WARN_BOOL_CONVERSION = YES;
				CLANG_WARN_COMMA = YES;
				CLANG_WARN_CONSTANT_CONVERSION = YES;
				CLANG_WARN_DEPRECATED_OBJC_IMPLEMENTATIONS = YES;
				CLANG_WARN_DIRECT_OBJC_ISA_USAGE = YES_ERROR;
				CLANG_WARN_DOCUMENTATION_COMMENTS = YES;
				CLANG_WARN_EMPTY_BODY = YES;
				CLANG_WARN_ENUM_CONVERSION = YES;
				CLANG_WARN_INFINITE_RECURSION = YES;
				CLANG_WARN_INT_CONVERSION = YES;
				CLANG_WARN_NON_LITERAL_NULL_CONVERSION = YES;
				CLANG_WARN_OBJC_IMPLICIT_RETAIN_SELF = YES;
				CLANG_WARN_OBJC_LITERAL_CONVERSION = YES;
				CLANG_WARN_OBJC_ROOT_CLASS = YES_ERROR;
				CLANG_WARN_QUOTED_INCLUDE_IN_FRAMEWORK_HEADER = YES;
				CLANG_WARN_RANGE_LOOP_ANALYSIS = YES;
				CLANG_WARN_STRICT_PROTOTYPES = YES;
				CLANG_WARN_SUSPICIOUS_MOVE = YES;
				CLANG_WARN_UNGUARDED_AVAILABILITY = YES_AGGRESSIVE;
				CLANG_WARN_UNREACHABLE_CODE = YES;
				CLANG_WARN__DUPLICATE_METHOD_MATCH = YES;
				COPY_PHASE_STRIP = NO;
				DEBUG_INFORMATION_FORMAT = dwarf;
				ENABLE_STRICT_OBJC_MSGSEND = YES;
				ENABLE_TESTABILITY = YES;
				GCC_C_LANGUAGE_STANDARD = gnu11;
				GCC_DYNAMIC_NO_PIC = NO;
				GCC_NO_COMMON_BLOCKS = YES;
				GCC_OPTIMIZATION_LEVEL = 0;
				GCC_PREPROCESSOR_DEFINITIONS = (
					"DEBUG=1",
					"$(inherited)",
				);
				GCC_WARN_64_TO_32_BIT_CONVERSION = YES;
				GCC_WARN_ABOUT_RETURN_TYPE = YES_ERROR;
				GCC_WARN_UNDECLARED_SELECTOR = YES;
				GCC_WARN_UNINITIALIZED_AUTOS = YES_AGGRESSIVE;
				GCC_WARN_UNUSED_FUNCTION = YES;
				GCC_WARN_UNUSED_VARIABLE = YES;
				IPHONEOS_DEPLOYMENT_TARGET = 16.2;
				MTL_ENABLE_DEBUG_INFO = INCLUDE_SOURCE;
				MTL_FAST_MATH = YES;
				ONLY_ACTIVE_ARCH = YES;
				SDKROOT = iphoneos;
				SWIFT_ACTIVE_COMPILATION_CONDITIONS = DEBUG;
				SWIFT_OPTIMIZATION_LEVEL = "-Onone";
			};
			name = Debug;
		};
		9E949CC0299C37300047CF28 /* Release */ = {
			isa = XCBuildConfiguration;
			buildSettings = {
				ALWAYS_SEARCH_USER_PATHS = NO;
				CLANG_ANALYZER_NONNULL = YES;
				CLANG_ANALYZER_NUMBER_OBJECT_CONVERSION = YES_AGGRESSIVE;
				CLANG_CXX_LANGUAGE_STANDARD = "gnu++20";
				CLANG_ENABLE_MODULES = YES;
				CLANG_ENABLE_OBJC_ARC = YES;
				CLANG_ENABLE_OBJC_WEAK = YES;
				CLANG_WARN_BLOCK_CAPTURE_AUTORELEASING = YES;
				CLANG_WARN_BOOL_CONVERSION = YES;
				CLANG_WARN_COMMA = YES;
				CLANG_WARN_CONSTANT_CONVERSION = YES;
				CLANG_WARN_DEPRECATED_OBJC_IMPLEMENTATIONS = YES;
				CLANG_WARN_DIRECT_OBJC_ISA_USAGE = YES_ERROR;
				CLANG_WARN_DOCUMENTATION_COMMENTS = YES;
				CLANG_WARN_EMPTY_BODY = YES;
				CLANG_WARN_ENUM_CONVERSION = YES;
				CLANG_WARN_INFINITE_RECURSION = YES;
				CLANG_WARN_INT_CONVERSION = YES;
				CLANG_WARN_NON_LITERAL_NULL_CONVERSION = YES;
				CLANG_WARN_OBJC_IMPLICIT_RETAIN_SELF = YES;
				CLANG_WARN_OBJC_LITERAL_CONVERSION = YES;
				CLANG_WARN_OBJC_ROOT_CLASS = YES_ERROR;
				CLANG_WARN_QUOTED_INCLUDE_IN_FRAMEWORK_HEADER = YES;
				CLANG_WARN_RANGE_LOOP_ANALYSIS = YES;
				CLANG_WARN_STRICT_PROTOTYPES = YES;
				CLANG_WARN_SUSPICIOUS_MOVE = YES;
				CLANG_WARN_UNGUARDED_AVAILABILITY = YES_AGGRESSIVE;
				CLANG_WARN_UNREACHABLE_CODE = YES;
				CLANG_WARN__DUPLICATE_METHOD_MATCH = YES;
				COPY_PHASE_STRIP = NO;
				DEBUG_INFORMATION_FORMAT = "dwarf-with-dsym";
				ENABLE_NS_ASSERTIONS = NO;
				ENABLE_STRICT_OBJC_MSGSEND = YES;
				GCC_C_LANGUAGE_STANDARD = gnu11;
				GCC_NO_COMMON_BLOCKS = YES;
				GCC_WARN_64_TO_32_BIT_CONVERSION = YES;
				GCC_WARN_ABOUT_RETURN_TYPE = YES_ERROR;
				GCC_WARN_UNDECLARED_SELECTOR = YES;
				GCC_WARN_UNINITIALIZED_AUTOS = YES_AGGRESSIVE;
				GCC_WARN_UNUSED_FUNCTION = YES;
				GCC_WARN_UNUSED_VARIABLE = YES;
				IPHONEOS_DEPLOYMENT_TARGET = 16.2;
				MTL_ENABLE_DEBUG_INFO = NO;
				MTL_FAST_MATH = YES;
				SDKROOT = iphoneos;
				SWIFT_COMPILATION_MODE = wholemodule;
				SWIFT_OPTIMIZATION_LEVEL = "-O";
				VALIDATE_PRODUCT = YES;
			};
			name = Release;
		};
		9E949CC2299C37300047CF28 /* Debug */ = {
			isa = XCBuildConfiguration;
			buildSettings = {
				ASSETCATALOG_COMPILER_APPICON_NAME = AppIcon;
				ASSETCATALOG_COMPILER_GLOBAL_ACCENT_COLOR_NAME = AccentColor;
				CODE_SIGN_STYLE = Automatic;
				CURRENT_PROJECT_VERSION = 1;
				DEVELOPMENT_ASSET_PATHS = "\"AStory/Preview Content\"";
				DEVELOPMENT_TEAM = MAHHW3FTF4;
				ENABLE_PREVIEWS = YES;
				GENERATE_INFOPLIST_FILE = YES;
				INFOPLIST_KEY_UIApplicationSceneManifest_Generation = YES;
				INFOPLIST_KEY_UIApplicationSupportsIndirectInputEvents = YES;
				INFOPLIST_KEY_UILaunchScreen_Generation = YES;
				INFOPLIST_KEY_UISupportedInterfaceOrientations_iPad = "UIInterfaceOrientationPortrait UIInterfaceOrientationPortraitUpsideDown UIInterfaceOrientationLandscapeLeft UIInterfaceOrientationLandscapeRight";
				INFOPLIST_KEY_UISupportedInterfaceOrientations_iPhone = "UIInterfaceOrientationPortrait UIInterfaceOrientationLandscapeLeft UIInterfaceOrientationLandscapeRight";
				LD_RUNPATH_SEARCH_PATHS = (
					"$(inherited)",
					"@executable_path/Frameworks",
				);
				MARKETING_VERSION = 1.0;
				PRODUCT_BUNDLE_IDENTIFIER = com.giovannirusso.AStory;
				PRODUCT_NAME = "$(TARGET_NAME)";
				SWIFT_EMIT_LOC_STRINGS = YES;
				SWIFT_VERSION = 5.0;
				TARGETED_DEVICE_FAMILY = "1,2";
			};
			name = Debug;
		};
		9E949CC3299C37300047CF28 /* Release */ = {
			isa = XCBuildConfiguration;
			buildSettings = {
				ASSETCATALOG_COMPILER_APPICON_NAME = AppIcon;
				ASSETCATALOG_COMPILER_GLOBAL_ACCENT_COLOR_NAME = AccentColor;
				CODE_SIGN_STYLE = Automatic;
				CURRENT_PROJECT_VERSION = 1;
				DEVELOPMENT_ASSET_PATHS = "\"AStory/Preview Content\"";
				DEVELOPMENT_TEAM = MAHHW3FTF4;
				ENABLE_PREVIEWS = YES;
				GENERATE_INFOPLIST_FILE = YES;
				INFOPLIST_KEY_UIApplicationSceneManifest_Generation = YES;
				INFOPLIST_KEY_UIApplicationSupportsIndirectInputEvents = YES;
				INFOPLIST_KEY_UILaunchScreen_Generation = YES;
				INFOPLIST_KEY_UISupportedInterfaceOrientations_iPad = "UIInterfaceOrientationPortrait UIInterfaceOrientationPortraitUpsideDown UIInterfaceOrientationLandscapeLeft UIInterfaceOrientationLandscapeRight";
				INFOPLIST_KEY_UISupportedInterfaceOrientations_iPhone = "UIInterfaceOrientationPortrait UIInterfaceOrientationLandscapeLeft UIInterfaceOrientationLandscapeRight";
				LD_RUNPATH_SEARCH_PATHS = (
					"$(inherited)",
					"@executable_path/Frameworks",
				);
				MARKETING_VERSION = 1.0;
				PRODUCT_BUNDLE_IDENTIFIER = com.giovannirusso.AStory;
				PRODUCT_NAME = "$(TARGET_NAME)";
				SWIFT_EMIT_LOC_STRINGS = YES;
				SWIFT_VERSION = 5.0;
				TARGETED_DEVICE_FAMILY = "1,2";
			};
			name = Release;
		};
/* End XCBuildConfiguration section */

/* Begin XCConfigurationList section */
		9E949CAE299C372F0047CF28 /* Build configuration list for PBXProject "AStory" */ = {
			isa = XCConfigurationList;
			buildConfigurations = (
				9E949CBF299C37300047CF28 /* Debug */,
				9E949CC0299C37300047CF28 /* Release */,
			);
			defaultConfigurationIsVisible = 0;
			defaultConfigurationName = Release;
		};
		9E949CC1299C37300047CF28 /* Build configuration list for PBXNativeTarget "AStory" */ = {
			isa = XCConfigurationList;
			buildConfigurations = (
				9E949CC2299C37300047CF28 /* Debug */,
				9E949CC3299C37300047CF28 /* Release */,
			);
			defaultConfigurationIsVisible = 0;
			defaultConfigurationName = Release;
		};
/* End XCConfigurationList section */
	};
	rootObject = 9E949CAB299C372F0047CF28 /* Project object */;
}
